
Microsoft Visual Studio Solution File, Format Version 12.00
# Visual Studio Version 16
VisualStudioVersion = 16.0.30523.141
MinimumVisualStudioVersion = 10.0.40219.1
Project("{FAE04EC0-301F-11D3-BF4B-00C04F79EFBC}") = "BarberShop_Sukhmanbir", "BarberShop_Sukhmanbir\BarberShop_Sukhmanbir.csproj", "{EB6362B2-C59B-462C-ACDE-1B0E6D5F2B9F}"
EndProject
Global
	GlobalSection(SolutionConfigurationPlatforms) = preSolution
		Debug|Any CPU = Debug|Any CPU
		Release|Any CPU = Release|Any CPU
	EndGlobalSection
	GlobalSection(ProjectConfigurationPlatforms) = postSolution
		{EB6362B2-C59B-462C-ACDE-1B0E6D5F2B9F}.Debug|Any CPU.ActiveCfg = Debug|Any CPU
		{EB6362B2-C59B-462C-ACDE-1B0E6D5F2B9F}.Debug|Any CPU.Build.0 = Debug|Any CPU
		{EB6362B2-C59B-462C-ACDE-1B0E6D5F2B9F}.Release|Any CPU.ActiveCfg = Release|Any CPU
		{EB6362B2-C59B-462C-ACDE-1B0E6D5F2B9F}.Release|Any CPU.Build.0 = Release|Any CPU
	EndGlobalSection
	GlobalSection(SolutionProperties) = preSolution
		HideSolutionNode = FALSE
	EndGlobalSection
	GlobalSection(ExtensibilityGlobals) = postSolution
		SolutionGuid = {4D9A275D-79C5-493F-B17B-4238B8AE1EDA}
	EndGlobalSection
EndGlobal
